
Microsoft Visual Studio Solution File, Format Version 12.00
# Visual Studio 15
VisualStudioVersion = 15.0.28010.2046
MinimumVisualStudioVersion = 10.0.40219.1
Project("{FAE04EC0-301F-11D3-BF4B-00C04F79EFBC}") = "WFApp1", "WFApp1\WFApp1.csproj", "{83642E98-4FAA-45E6-853E-96FEC9A80AFE}"
EndProject
Global
	GlobalSection(SolutionConfigurationPlatforms) = preSolution
		Debug|Any CPU = Debug|Any CPU
		Release|Any CPU = Release|Any CPU
	EndGlobalSection
	GlobalSection(ProjectConfigurationPlatforms) = postSolution
		{83642E98-4FAA-45E6-853E-96FEC9A80AFE}.Debug|Any CPU.ActiveCfg = Debug|Any CPU
		{83642E98-4FAA-45E6-853E-96FEC9A80AFE}.Debug|Any CPU.Build.0 = Debug|Any CPU
		{83642E98-4FAA-45E6-853E-96FEC9A80AFE}.Release|Any CPU.ActiveCfg = Release|Any CPU
		{83642E98-4FAA-45E6-853E-96FEC9A80AFE}.Release|Any CPU.Build.0 = Release|Any CPU
	EndGlobalSection
	GlobalSection(SolutionProperties) = preSolution
		HideSolutionNode = FALSE
	EndGlobalSection
	GlobalSection(ExtensibilityGlobals) = postSolution
		SolutionGuid = {A8C9F61C-6AF5-4701-A037-EED4967B004F}
	EndGlobalSection
EndGlobal
